// !$*UTF8*$!
{
	archiveVersion = 1;
	classes = {
	};
	objectVersion = 50;
	objects = {

/* Begin PBXBuildFile section */
		74068CEE21F9C08800994FE7 /* AppDelegate.swift in Sources */ = {isa = PBXBuildFile; fileRef = 74068CED21F9C08800994FE7 /* AppDelegate.swift */; };
		74068CF021F9C08800994FE7 /* ViewController.swift in Sources */ = {isa = PBXBuildFile; fileRef = 74068CEF21F9C08800994FE7 /* ViewController.swift */; };
		74068CF321F9C08800994FE7 /* Main.storyboard in Resources */ = {isa = PBXBuildFile; fileRef = 74068CF121F9C08800994FE7 /* Main.storyboard */; };
		74068CF521F9C08900994FE7 /* Assets.xcassets in Resources */ = {isa = PBXBuildFile; fileRef = 74068CF421F9C08900994FE7 /* Assets.xcassets */; };
		74068CF821F9C08900994FE7 /* LaunchScreen.storyboard in Resources */ = {isa = PBXBuildFile; fileRef = 74068CF621F9C08900994FE7 /* LaunchScreen.storyboard */; };
		74068D0321F9C08900994FE7 /* XcodeServerTestTests.swift in Sources */ = {isa = PBXBuildFile; fileRef = 74068D0221F9C08900994FE7 /* XcodeServerTestTests.swift */; };
		74068D0E21F9C08900994FE7 /* XcodeServerTestUITests.swift in Sources */ = {isa = PBXBuildFile; fileRef = 74068D0D21F9C08900994FE7 /* XcodeServerTestUITests.swift */; };
/* End PBXBuildFile section */

/* Begin PBXContainerItemProxy section */
		74068CFF21F9C08900994FE7 /* PBXContainerItemProxy */ = {
			isa = PBXContainerItemProxy;
			containerPortal = 74068CE221F9C08800994FE7 /* Project object */;
			proxyType = 1;
			remoteGlobalIDString = 74068CE921F9C08800994FE7;
			remoteInfo = XcodeServerTest;
		};
		74068D0A21F9C08900994FE7 /* PBXContainerItemProxy */ = {
			isa = PBXContainerItemProxy;
			containerPortal = 74068CE221F9C08800994FE7 /* Project object */;
			proxyType = 1;
			remoteGlobalIDString = 74068CE921F9C08800994FE7;
			remoteInfo = XcodeServerTest;
		};
/* End PBXContainerItemProxy section */

/* Begin PBXFileReference section */
		74068CEA21F9C08800994FE7 /* XcodeServerTest.app */ = {isa = PBXFileReference; explicitFileType = wrapper.application; includeInIndex = 0; path = XcodeServerTest.app; sourceTree = BUILT_PRODUCTS_DIR; };
		74068CED21F9C08800994FE7 /* AppDelegate.swift */ = {isa = PBXFileReference; lastKnownFileType = sourcecode.swift; path = AppDelegate.swift; sourceTree = "<group>"; };
		74068CEF21F9C08800994FE7 /* ViewController.swift */ = {isa = PBXFileReference; lastKnownFileType = sourcecode.swift; path = ViewController.swift; sourceTree = "<group>"; };
		74068CF221F9C08800994FE7 /* Base */ = {isa = PBXFileReference; lastKnownFileType = file.storyboard; name = Base; path = Base.lproj/Main.storyboard; sourceTree = "<group>"; };
		74068CF421F9C08900994FE7 /* Assets.xcassets */ = {isa = PBXFileReference; lastKnownFileType = folder.assetcatalog; path = Assets.xcassets; sourceTree = "<group>"; };
		74068CF721F9C08900994FE7 /* Base */ = {isa = PBXFileReference; lastKnownFileType = file.storyboard; name = Base; path = Base.lproj/LaunchScreen.storyboard; sourceTree = "<group>"; };
		74068CF921F9C08900994FE7 /* Info.plist */ = {isa = PBXFileReference; lastKnownFileType = text.plist.xml; path = Info.plist; sourceTree = "<group>"; };
		74068CFE21F9C08900994FE7 /* XcodeServerTestTests.xctest */ = {isa = PBXFileReference; explicitFileType = wrapper.cfbundle; includeInIndex = 0; path = XcodeServerTestTests.xctest; sourceTree = BUILT_PRODUCTS_DIR; };
		74068D0221F9C08900994FE7 /* XcodeServerTestTests.swift */ = {isa = PBXFileReference; lastKnownFileType = sourcecode.swift; path = XcodeServerTestTests.swift; sourceTree = "<group>"; };
		74068D0421F9C08900994FE7 /* Info.plist */ = {isa = PBXFileReference; lastKnownFileType = text.plist.xml; path = Info.plist; sourceTree = "<group>"; };
		74068D0921F9C08900994FE7 /* XcodeServerTestUITests.xctest */ = {isa = PBXFileReference; explicitFileType = wrapper.cfbundle; includeInIndex = 0; path = XcodeServerTestUITests.xctest; sourceTree = BUILT_PRODUCTS_DIR; };
		74068D0D21F9C08900994FE7 /* XcodeServerTestUITests.swift */ = {isa = PBXFileReference; lastKnownFileType = sourcecode.swift; path = XcodeServerTestUITests.swift; sourceTree = "<group>"; };
		74068D0F21F9C08900994FE7 /* Info.plist */ = {isa = PBXFileReference; lastKnownFileType = text.plist.xml; path = Info.plist; sourceTree = "<group>"; };
/* End PBXFileReference section */

/* Begin PBXFrameworksBuildPhase section */
		74068CE721F9C08800994FE7 /* Frameworks */ = {
			isa = PBXFrameworksBuildPhase;
			buildActionMask = 2147483647;
			files = (
			);
			runOnlyForDeploymentPostprocessing = 0;
		};
		74068CFB21F9C08900994FE7 /* Frameworks */ = {
			isa = PBXFrameworksBuildPhase;
			buildActionMask = 2147483647;
			files = (
			);
			runOnlyForDeploymentPostprocessing = 0;
		};
		74068D0621F9C08900994FE7 /* Frameworks */ = {
			isa = PBXFrameworksBuildPhase;
			buildActionMask = 2147483647;
			files = (
			);
			runOnlyForDeploymentPostprocessing = 0;
		};
/* End PBXFrameworksBuildPhase section */

/* Begin PBXGroup section */
		74068CE121F9C08800994FE7 = {
			isa = PBXGroup;
			children = (
				74068CEC21F9C08800994FE7 /* XcodeServerTest */,
				74068D0121F9C08900994FE7 /* XcodeServerTestTests */,
				74068D0C21F9C08900994FE7 /* XcodeServerTestUITests */,
				74068CEB21F9C08800994FE7 /* Products */,
			);
			sourceTree = "<group>";
		};
		74068CEB21F9C08800994FE7 /* Products */ = {
			isa = PBXGroup;
			children = (
				74068CEA21F9C08800994FE7 /* XcodeServerTest.app */,
				74068CFE21F9C08900994FE7 /* XcodeServerTestTests.xctest */,
				74068D0921F9C08900994FE7 /* XcodeServerTestUITests.xctest */,
			);
			name = Products;
			sourceTree = "<group>";
		};
		74068CEC21F9C08800994FE7 /* XcodeServerTest */ = {
			isa = PBXGroup;
			children = (
				74068CED21F9C08800994FE7 /* AppDelegate.swift */,
				74068CEF21F9C08800994FE7 /* ViewController.swift */,
				74068CF121F9C08800994FE7 /* Main.storyboard */,
				74068CF421F9C08900994FE7 /* Assets.xcassets */,
				74068CF621F9C08900994FE7 /* LaunchScreen.storyboard */,
				74068CF921F9C08900994FE7 /* Info.plist */,
			);
			path = XcodeServerTest;
			sourceTree = "<group>";
		};
		74068D0121F9C08900994FE7 /* XcodeServerTestTests */ = {
			isa = PBXGroup;
			children = (
				74068D0221F9C08900994FE7 /* XcodeServerTestTests.swift */,
				74068D0421F9C08900994FE7 /* Info.plist */,
			);
			path = XcodeServerTestTests;
			sourceTree = "<group>";
		};
		74068D0C21F9C08900994FE7 /* XcodeServerTestUITests */ = {
			isa = PBXGroup;
			children = (
				74068D0D21F9C08900994FE7 /* XcodeServerTestUITests.swift */,
				74068D0F21F9C08900994FE7 /* Info.plist */,
			);
			path = XcodeServerTestUITests;
			sourceTree = "<group>";
		};
/* End PBXGroup section */

/* Begin PBXNativeTarget section */
		74068CE921F9C08800994FE7 /* XcodeServerTest */ = {
			isa = PBXNativeTarget;
			buildConfigurationList = 74068D1221F9C08900994FE7 /* Build configuration list for PBXNativeTarget "XcodeServerTest" */;
			buildPhases = (
				74068CE621F9C08800994FE7 /* Sources */,
				74068CE721F9C08800994FE7 /* Frameworks */,
				74068CE821F9C08800994FE7 /* Resources */,
			);
			buildRules = (
			);
			dependencies = (
			);
			name = XcodeServerTest;
			productName = XcodeServerTest;
			productReference = 74068CEA21F9C08800994FE7 /* XcodeServerTest.app */;
			productType = "com.apple.product-type.application";
		};
		74068CFD21F9C08900994FE7 /* XcodeServerTestTests */ = {
			isa = PBXNativeTarget;
			buildConfigurationList = 74068D1521F9C08900994FE7 /* Build configuration list for PBXNativeTarget "XcodeServerTestTests" */;
			buildPhases = (
				74068CFA21F9C08900994FE7 /* Sources */,
				74068CFB21F9C08900994FE7 /* Frameworks */,
				74068CFC21F9C08900994FE7 /* Resources */,
			);
			buildRules = (
			);
			dependencies = (
				74068D0021F9C08900994FE7 /* PBXTargetDependency */,
			);
			name = XcodeServerTestTests;
			productName = XcodeServerTestTests;
			productReference = 74068CFE21F9C08900994FE7 /* XcodeServerTestTests.xctest */;
			productType = "com.apple.product-type.bundle.unit-test";
		};
		74068D0821F9C08900994FE7 /* XcodeServerTestUITests */ = {
			isa = PBXNativeTarget;
			buildConfigurationList = 74068D1821F9C08900994FE7 /* Build configuration list for PBXNativeTarget "XcodeServerTestUITests" */;
			buildPhases = (
				74068D0521F9C08900994FE7 /* Sources */,
				74068D0621F9C08900994FE7 /* Frameworks */,
				74068D0721F9C08900994FE7 /* Resources */,
			);
			buildRules = (
			);
			dependencies = (
				74068D0B21F9C08900994FE7 /* PBXTargetDependency */,
			);
			name = XcodeServerTestUITests;
			productName = XcodeServerTestUITests;
			productReference = 74068D0921F9C08900994FE7 /* XcodeServerTestUITests.xctest */;
			productType = "com.apple.product-type.bundle.ui-testing";
		};
/* End PBXNativeTarget section */

/* Begin PBXProject section */
		74068CE221F9C08800994FE7 /* Project object */ = {
			isa = PBXProject;
			attributes = {
				LastSwiftUpdateCheck = 1010;
				LastUpgradeCheck = 1010;
				ORGANIZATIONNAME = WR;
				TargetAttributes = {
					74068CE921F9C08800994FE7 = {
						CreatedOnToolsVersion = 10.1;
					};
					74068CFD21F9C08900994FE7 = {
						CreatedOnToolsVersion = 10.1;
						TestTargetID = 74068CE921F9C08800994FE7;
					};
					74068D0821F9C08900994FE7 = {
						CreatedOnToolsVersion = 10.1;
						TestTargetID = 74068CE921F9C08800994FE7;
					};
				};
			};
			buildConfigurationList = 74068CE521F9C08800994FE7 /* Build configuration list for PBXProject "XcodeServerTest" */;
			compatibilityVersion = "Xcode 9.3";
			developmentRegion = en;
			hasScannedForEncodings = 0;
			knownRegions = (
				en,
				Base,
			);
			mainGroup = 74068CE121F9C08800994FE7;
			productRefGroup = 74068CEB21F9C08800994FE7 /* Products */;
			projectDirPath = "";
			projectRoot = "";
			targets = (
				74068CE921F9C08800994FE7 /* XcodeServerTest */,
				74068CFD21F9C08900994FE7 /* XcodeServerTestTests */,
				74068D0821F9C08900994FE7 /* XcodeServerTestUITests */,
			);
		};
/* End PBXProject section */

/* Begin PBXResourcesBuildPhase section */
		74068CE821F9C08800994FE7 /* Resources */ = {
			isa = PBXResourcesBuildPhase;
			buildActionMask = 2147483647;
			files = (
				74068CF821F9C08900994FE7 /* LaunchScreen.storyboard in Resources */,
				74068CF521F9C08900994FE7 /* Assets.xcassets in Resources */,
				74068CF321F9C08800994FE7 /* Main.storyboard in Resources */,
			);
			runOnlyForDeploymentPostprocessing = 0;
		};
		74068CFC21F9C08900994FE7 /* Resources */ = {
			isa = PBXResourcesBuildPhase;
			buildActionMask = 2147483647;
			files = (
			);
			runOnlyForDeploymentPostprocessing = 0;
		};
		74068D0721F9C08900994FE7 /* Resources */ = {
			isa = PBXResourcesBuildPhase;
			buildActionMask = 2147483647;
			files = (
			);
			runOnlyForDeploymentPostprocessing = 0;
		};
/* End PBXResourcesBuildPhase section */

/* Begin PBXSourcesBuildPhase section */
		74068CE621F9C08800994FE7 /* Sources */ = {
			isa = PBXSourcesBuildPhase;
			buildActionMask = 2147483647;
			files = (
				74068CF021F9C08800994FE7 /* ViewController.swift in Sources */,
				74068CEE21F9C08800994FE7 /* AppDelegate.swift in Sources */,
			);
			runOnlyForDeploymentPostprocessing = 0;
		};
		74068CFA21F9C08900994FE7 /* Sources */ = {
			isa = PBXSourcesBuildPhase;
			buildActionMask = 2147483647;
			files = (
				74068D0321F9C08900994FE7 /* XcodeServerTestTests.swift in Sources */,
			);
			runOnlyForDeploymentPostprocessing = 0;
		};
		74068D0521F9C08900994FE7 /* Sources */ = {
			isa = PBXSourcesBuildPhase;
			buildActionMask = 2147483647;
			files = (
				74068D0E21F9C08900994FE7 /* XcodeServerTestUITests.swift in Sources */,
			);
			runOnlyForDeploymentPostprocessing = 0;
		};
/* End PBXSourcesBuildPhase section */

/* Begin PBXTargetDependency section */
		74068D0021F9C08900994FE7 /* PBXTargetDependency */ = {
			isa = PBXTargetDependency;
			target = 74068CE921F9C08800994FE7 /* XcodeServerTest */;
			targetProxy = 74068CFF21F9C08900994FE7 /* PBXContainerItemProxy */;
		};
		74068D0B21F9C08900994FE7 /* PBXTargetDependency */ = {
			isa = PBXTargetDependency;
			target = 74068CE921F9C08800994FE7 /* XcodeServerTest */;
			targetProxy = 74068D0A21F9C08900994FE7 /* PBXContainerItemProxy */;
		};
/* End PBXTargetDependency section */

/* Begin PBXVariantGroup section */
		74068CF121F9C08800994FE7 /* Main.storyboard */ = {
			isa = PBXVariantGroup;
			children = (
				74068CF221F9C08800994FE7 /* Base */,
			);
			name = Main.storyboard;
			sourceTree = "<group>";
		};
		74068CF621F9C08900994FE7 /* LaunchScreen.storyboard */ = {
			isa = PBXVariantGroup;
			children = (
				74068CF721F9C08900994FE7 /* Base */,
			);
			name = LaunchScreen.storyboard;
			sourceTree = "<group>";
		};
/* End PBXVariantGroup section */

/* Begin XCBuildConfiguration section */
		74068D1021F9C08900994FE7 /* Debug */ = {
			isa = XCBuildConfiguration;
			buildSettings = {
				ALWAYS_SEARCH_USER_PATHS = NO;
				CLANG_ANALYZER_NONNULL = YES;
				CLANG_ANALYZER_NUMBER_OBJECT_CONVERSION = YES_AGGRESSIVE;
				CLANG_CXX_LANGUAGE_STANDARD = "gnu++14";
				CLANG_CXX_LIBRARY = "libc++";
				CLANG_ENABLE_MODULES = YES;
				CLANG_ENABLE_OBJC_ARC = YES;
				CLANG_ENABLE_OBJC_WEAK = YES;
				CLANG_WARN_BLOCK_CAPTURE_AUTORELEASING = YES;
				CLANG_WARN_BOOL_CONVERSION = YES;
				CLANG_WARN_COMMA = YES;
				CLANG_WARN_CONSTANT_CONVERSION = YES;
				CLANG_WARN_DEPRECATED_OBJC_IMPLEMENTATIONS = YES;
				CLANG_WARN_DIRECT_OBJC_ISA_USAGE = YES_ERROR;
				CLANG_WARN_DOCUMENTATION_COMMENTS = YES;
				CLANG_WARN_EMPTY_BODY = YES;
				CLANG_WARN_ENUM_CONVERSION = YES;
				CLANG_WARN_INFINITE_RECURSION = YES;
				CLANG_WARN_INT_CONVERSION = YES;
				CLANG_WARN_NON_LITERAL_NULL_CONVERSION = YES;
				CLANG_WARN_OBJC_IMPLICIT_RETAIN_SELF = YES;
				CLANG_WARN_OBJC_LITERAL_CONVERSION = YES;
				CLANG_WARN_OBJC_ROOT_CLASS = YES_ERROR;
				CLANG_WARN_RANGE_LOOP_ANALYSIS = YES;
				CLANG_WARN_STRICT_PROTOTYPES = YES;
				CLANG_WARN_SUSPICIOUS_MOVE = YES;
				CLANG_WARN_UNGUARDED_AVAILABILITY = YES_AGGRESSIVE;
				CLANG_WARN_UNREACHABLE_CODE = YES;
				CLANG_WARN__DUPLICATE_METHOD_MATCH = YES;
				CODE_SIGN_IDENTITY = "iPhone Developer";
				COPY_PHASE_STRIP = NO;
				DEBUG_INFORMATION_FORMAT = dwarf;
				ENABLE_STRICT_OBJC_MSGSEND = YES;
				ENABLE_TESTABILITY = YES;
				GCC_C_LANGUAGE_STANDARD = gnu11;
				GCC_DYNAMIC_NO_PIC = NO;
				GCC_NO_COMMON_BLOCKS = YES;
				GCC_OPTIMIZATION_LEVEL = 0;
				GCC_PREPROCESSOR_DEFINITIONS = (
					"DEBUG=1",
					"$(inherited)",
				);
				GCC_WARN_64_TO_32_BIT_CONVERSION = YES;
				GCC_WARN_ABOUT_RETURN_TYPE = YES_ERROR;
				GCC_WARN_UNDECLARED_SELECTOR = YES;
				GCC_WARN_UNINITIALIZED_AUTOS = YES_AGGRESSIVE;
				GCC_WARN_UNUSED_FUNCTION = YES;
				GCC_WARN_UNUSED_VARIABLE = YES;
				IPHONEOS_DEPLOYMENT_TARGET = 12.1;
				MTL_ENABLE_DEBUG_INFO = INCLUDE_SOURCE;
				MTL_FAST_MATH = YES;
				ONLY_ACTIVE_ARCH = YES;
				SDKROOT = iphoneos;
				SWIFT_ACTIVE_COMPILATION_CONDITIONS = DEBUG;
				SWIFT_OPTIMIZATION_LEVEL = "-Onone";
			};
			name = Debug;
		};
		74068D1121F9C08900994FE7 /* Release */ = {
			isa = XCBuildConfiguration;
			buildSettings = {
				ALWAYS_SEARCH_USER_PATHS = NO;
				CLANG_ANALYZER_NONNULL = YES;
				CLANG_ANALYZER_NUMBER_OBJECT_CONVERSION = YES_AGGRESSIVE;
				CLANG_CXX_LANGUAGE_STANDARD = "gnu++14";
				CLANG_CXX_LIBRARY = "libc++";
				CLANG_ENABLE_MODULES = YES;
				CLANG_ENABLE_OBJC_ARC = YES;
				CLANG_ENABLE_OBJC_WEAK = YES;
				CLANG_WARN_BLOCK_CAPTURE_AUTORELEASING = YES;
				CLANG_WARN_BOOL_CONVERSION = YES;
				CLANG_WARN_COMMA = YES;
				CLANG_WARN_CONSTANT_CONVERSION = YES;
				CLANG_WARN_DEPRECATED_OBJC_IMPLEMENTATIONS = YES;
				CLANG_WARN_DIRECT_OBJC_ISA_USAGE = YES_ERROR;
				CLANG_WARN_DOCUMENTATION_COMMENTS = YES;
				CLANG_WARN_EMPTY_BODY = YES;
				CLANG_WARN_ENUM_CONVERSION = YES;
				CLANG_WARN_INFINITE_RECURSION = YES;
				CLANG_WARN_INT_CONVERSION = YES;
				CLANG_WARN_NON_LITERAL_NULL_CONVERSION = YES;
				CLANG_WARN_OBJC_IMPLICIT_RETAIN_SELF = YES;
				CLANG_WARN_OBJC_LITERAL_CONVERSION = YES;
				CLANG_WARN_OBJC_ROOT_CLASS = YES_ERROR;
				CLANG_WARN_RANGE_LOOP_ANALYSIS = YES;
				CLANG_WARN_STRICT_PROTOTYPES = YES;
				CLANG_WARN_SUSPICIOUS_MOVE = YES;
				CLANG_WARN_UNGUARDED_AVAILABILITY = YES_AGGRESSIVE;
				CLANG_WARN_UNREACHABLE_CODE = YES;
				CLANG_WARN__DUPLICATE_METHOD_MATCH = YES;
				CODE_SIGN_IDENTITY = "iPhone Developer";
				COPY_PHASE_STRIP = NO;
				DEBUG_INFORMATION_FORMAT = "dwarf-with-dsym";
				ENABLE_NS_ASSERTIONS = NO;
				ENABLE_STRICT_OBJC_MSGSEND = YES;
				GCC_C_LANGUAGE_STANDARD = gnu11;
				GCC_NO_COMMON_BLOCKS = YES;
				GCC_WARN_64_TO_32_BIT_CONVERSION = YES;
				GCC_WARN_ABOUT_RETURN_TYPE = YES_ERROR;
				GCC_WARN_UNDECLARED_SELECTOR = YES;
				GCC_WARN_UNINITIALIZED_AUTOS = YES_AGGRESSIVE;
				GCC_WARN_UNUSED_FUNCTION = YES;
				GCC_WARN_UNUSED_VARIABLE = YES;
				IPHONEOS_DEPLOYMENT_TARGET = 12.1;
				MTL_ENABLE_DEBUG_INFO = NO;
				MTL_FAST_MATH = YES;
				SDKROOT = iphoneos;
				SWIFT_COMPILATION_MODE = wholemodule;
				SWIFT_OPTIMIZATION_LEVEL = "-O";
				VALIDATE_PRODUCT = YES;
			};
			name = Release;
		};
		74068D1321F9C08900994FE7 /* Debug */ = {
			isa = XCBuildConfiguration;
			buildSettings = {
				ASSETCATALOG_COMPILER_APPICON_NAME = AppIcon;
				CODE_SIGN_STYLE = Automatic;
				DEVELOPMENT_TEAM = XEN7DUD59Z;
				INFOPLIST_FILE = XcodeServerTest/Info.plist;
				LD_RUNPATH_SEARCH_PATHS = (
					"$(inherited)",
					"@executable_path/Frameworks",
				);
				PRODUCT_BUNDLE_IDENTIFIER = com.williamjrobinson.XcodeServerTest;
				PRODUCT_NAME = "$(TARGET_NAME)";
				SWIFT_VERSION = 4.2;
				TARGETED_DEVICE_FAMILY = "1,2";
			};
			name = Debug;
		};
		74068D1421F9C08900994FE7 /* Release */ = {
			isa = XCBuildConfiguration;
			buildSettings = {
				ASSETCATALOG_COMPILER_APPICON_NAME = AppIcon;
				CODE_SIGN_STYLE = Automatic;
				DEVELOPMENT_TEAM = XEN7DUD59Z;
				INFOPLIST_FILE = XcodeServerTest/Info.plist;
				LD_RUNPATH_SEARCH_PATHS = (
					"$(inherited)",
					"@executable_path/Frameworks",
				);
				PRODUCT_BUNDLE_IDENTIFIER = com.williamjrobinson.XcodeServerTest;
				PRODUCT_NAME = "$(TARGET_NAME)";
				SWIFT_VERSION = 4.2;
				TARGETED_DEVICE_FAMILY = "1,2";
			};
			name = Release;
		};
		74068D1621F9C08900994FE7 /* Debug */ = {
			isa = XCBuildConfiguration;
			buildSettings = {
				ALWAYS_EMBED_SWIFT_STANDARD_LIBRARIES = YES;
				BUNDLE_LOADER = "$(TEST_HOST)";
				CODE_SIGN_STYLE = Automatic;
				DEVELOPMENT_TEAM = XEN7DUD59Z;
				INFOPLIST_FILE = XcodeServerTestTests/Info.plist;
				LD_RUNPATH_SEARCH_PATHS = (
					"$(inherited)",
					"@executable_path/Frameworks",
					"@loader_path/Frameworks",
				);
				PRODUCT_BUNDLE_IDENTIFIER = com.williamjrobinson.XcodeServerTestTests;
				PRODUCT_NAME = "$(TARGET_NAME)";
				SWIFT_VERSION = 4.2;
				TARGETED_DEVICE_FAMILY = "1,2";
				TEST_HOST = "$(BUILT_PRODUCTS_DIR)/XcodeServerTest.app/XcodeServerTest";
			};
			name = Debug;
		};
		74068D1721F9C08900994FE7 /* Release */ = {
			isa = XCBuildConfiguration;
			buildSettings = {
				ALWAYS_EMBED_SWIFT_STANDARD_LIBRARIES = YES;
				BUNDLE_LOADER = "$(TEST_HOST)";
				CODE_SIGN_STYLE = Automatic;
				DEVELOPMENT_TEAM = XEN7DUD59Z;
				INFOPLIST_FILE = XcodeServerTestTests/Info.plist;
				LD_RUNPATH_SEARCH_PATHS = (
					"$(inherited)",
					"@executable_path/Frameworks",
					"@loader_path/Frameworks",
				);
				PRODUCT_BUNDLE_IDENTIFIER = com.williamjrobinson.XcodeServerTestTests;
				PRODUCT_NAME = "$(TARGET_NAME)";
				SWIFT_VERSION = 4.2;
				TARGETED_DEVICE_FAMILY = "1,2";
				TEST_HOST = "$(BUILT_PRODUCTS_DIR)/XcodeServerTest.app/XcodeServerTest";
			};
			name = Release;
		};
		74068D1921F9C08900994FE7 /* Debug */ = {
			isa = XCBuildConfiguration;
			buildSettings = {
				ALWAYS_EMBED_SWIFT_STANDARD_LIBRARIES = YES;
				CODE_SIGN_STYLE = Automatic;
				DEVELOPMENT_TEAM = XEN7DUD59Z;
				INFOPLIST_FILE = XcodeServerTestUITests/Info.plist;
				LD_RUNPATH_SEARCH_PATHS = (
					"$(inherited)",
					"@executable_path/Frameworks",
					"@loader_path/Frameworks",
				);
				PRODUCT_BUNDLE_IDENTIFIER = com.williamjrobinson.XcodeServerTestUITests;
				PRODUCT_NAME = "$(TARGET_NAME)";
				SWIFT_VERSION = 4.2;
				TARGETED_DEVICE_FAMILY = "1,2";
				TEST_TARGET_NAME = XcodeServerTest;
			};
			name = Debug;
		};
		74068D1A21F9C08900994FE7 /* Release */ = {
			isa = XCBuildConfiguration;
			buildSettings = {
				ALWAYS_EMBED_SWIFT_STANDARD_LIBRARIES = YES;
				CODE_SIGN_STYLE = Automatic;
				DEVELOPMENT_TEAM = XEN7DUD59Z;
				INFOPLIST_FILE = XcodeServerTestUITests/Info.plist;
				LD_RUNPATH_SEARCH_PATHS = (
					"$(inherited)",
					"@executable_path/Frameworks",
					"@loader_path/Frameworks",
				);
				PRODUCT_BUNDLE_IDENTIFIER = com.williamjrobinson.XcodeServerTestUITests;
				PRODUCT_NAME = "$(TARGET_NAME)";
				SWIFT_VERSION = 4.2;
				TARGETED_DEVICE_FAMILY = "1,2";
				TEST_TARGET_NAME = XcodeServerTest;
			};
			name = Release;
		};
/* End XCBuildConfiguration section */

/* Begin XCConfigurationList section */
		74068CE521F9C08800994FE7 /* Build configuration list for PBXProject "XcodeServerTest" */ = {
			isa = XCConfigurationList;
			buildConfigurations = (
				74068D1021F9C08900994FE7 /* Debug */,
				74068D1121F9C08900994FE7 /* Release */,
			);
			defaultConfigurationIsVisible = 0;
			defaultConfigurationName = Release;
		};
		74068D1221F9C08900994FE7 /* Build configuration list for PBXNativeTarget "XcodeServerTest" */ = {
			isa = XCConfigurationList;
			buildConfigurations = (
				74068D1321F9C08900994FE7 /* Debug */,
				74068D1421F9C08900994FE7 /* Release */,
			);
			defaultConfigurationIsVisible = 0;
			defaultConfigurationName = Release;
		};
		74068D1521F9C08900994FE7 /* Build configuration list for PBXNativeTarget "XcodeServerTestTests" */ = {
			isa = XCConfigurationList;
			buildConfigurations = (
				74068D1621F9C08900994FE7 /* Debug */,
				74068D1721F9C08900994FE7 /* Release */,
			);
			defaultConfigurationIsVisible = 0;
			defaultConfigurationName = Release;
		};
		74068D1821F9C08900994FE7 /* Build configuration list for PBXNativeTarget "XcodeServerTestUITests" */ = {
			isa = XCConfigurationList;
			buildConfigurations = (
				74068D1921F9C08900994FE7 /* Debug */,
				74068D1A21F9C08900994FE7 /* Release */,
			);
			defaultConfigurationIsVisible = 0;
			defaultConfigurationName = Release;
		};
/* End XCConfigurationList section */
	};
	rootObject = 74068CE221F9C08800994FE7 /* Project object */;
}
